
Microsoft Visual Studio Solution File, Format Version 12.00
# Visual Studio Version 17
VisualStudioVersion = 17.4.33213.308
MinimumVisualStudioVersion = 10.0.40219.1
Project("{FAE04EC0-301F-11D3-BF4B-00C04F79EFBC}") = "lab6-3", "lab6-3\lab6-3.csproj", "{27007059-BC96-4382-A27D-59F0484D9BCD}"
EndProject
Global
	GlobalSection(SolutionConfigurationPlatforms) = preSolution
		Debug|Any CPU = Debug|Any CPU
		Release|Any CPU = Release|Any CPU
	EndGlobalSection
	GlobalSection(ProjectConfigurationPlatforms) = postSolution
		{27007059-BC96-4382-A27D-59F0484D9BCD}.Debug|Any CPU.ActiveCfg = Debug|Any CPU
		{27007059-BC96-4382-A27D-59F0484D9BCD}.Debug|Any CPU.Build.0 = Debug|Any CPU
		{27007059-BC96-4382-A27D-59F0484D9BCD}.Release|Any CPU.ActiveCfg = Release|Any CPU
		{27007059-BC96-4382-A27D-59F0484D9BCD}.Release|Any CPU.Build.0 = Release|Any CPU
	EndGlobalSection
	GlobalSection(SolutionProperties) = preSolution
		HideSolutionNode = FALSE
	EndGlobalSection
	GlobalSection(ExtensibilityGlobals) = postSolution
		SolutionGuid = {0A7B1D49-A5AB-4BBD-9954-4DE1DA0F911C}
	EndGlobalSection
EndGlobal
