
Microsoft Visual Studio Solution File, Format Version 12.00
# Visual Studio Version 17
VisualStudioVersion = 17.4.33205.214
MinimumVisualStudioVersion = 10.0.40219.1
Project("{FAE04EC0-301F-11D3-BF4B-00C04F79EFBC}") = "LinqN", "LinqN\LinqN.csproj", "{82EA8C9F-61B8-4BA4-B740-B15D2481A124}"
EndProject
Global
	GlobalSection(SolutionConfigurationPlatforms) = preSolution
		Debug|Any CPU = Debug|Any CPU
		Release|Any CPU = Release|Any CPU
	EndGlobalSection
	GlobalSection(ProjectConfigurationPlatforms) = postSolution
		{82EA8C9F-61B8-4BA4-B740-B15D2481A124}.Debug|Any CPU.ActiveCfg = Debug|Any CPU
		{82EA8C9F-61B8-4BA4-B740-B15D2481A124}.Debug|Any CPU.Build.0 = Debug|Any CPU
		{82EA8C9F-61B8-4BA4-B740-B15D2481A124}.Release|Any CPU.ActiveCfg = Release|Any CPU
		{82EA8C9F-61B8-4BA4-B740-B15D2481A124}.Release|Any CPU.Build.0 = Release|Any CPU
	EndGlobalSection
	GlobalSection(SolutionProperties) = preSolution
		HideSolutionNode = FALSE
	EndGlobalSection
	GlobalSection(ExtensibilityGlobals) = postSolution
		SolutionGuid = {7260E355-385D-48C9-AFE4-B13B811E9A45}
	EndGlobalSection
EndGlobal
